{
  "nodes": {
    "flake-utils": {
      "inputs": {
        "systems": "systems"
      },
      "locked": {
        "lastModified": 1731533236,
        "narHash": "sha256-l0KFg5HjrsfsO/JpG+r7fRrqm12kzFHyUHqHCVpMMbI=",
        "owner": "numtide",
        "repo": "flake-utils",
        "rev": "11707dc2f618dd54ca8739b309ec4fc024de578b",
        "type": "github"
      },
      "original": {
        "owner": "numtide",
        "repo": "flake-utils",
        "type": "github"
      }
    },
    "lean4": {
      "inputs": {
        "nixpkgs": "nixpkgs",
        "nixpkgs-old": "nixpkgs-old",
        "nixpkgs-older": "nixpkgs-older"
      },
      "locked": {
        "lastModified": 1779784455,
        "narHash": "sha256-YTsfIppd6km7wOjAxRH5KMPsW++ztFDCJT2up72J86Q=",
        "owner": "leanprover",
        "repo": "lean4",
        "rev": "d024af099ca4bf2c86f649261ebf59565dc8c622",
        "type": "github"
      },
      "original": {
        "owner": "leanprover",
        "ref": "v4.30.0",
        "repo": "lean4",
        "type": "github"
      }
    },
    "nixpkgs": {
      "locked": {
        "lastModified": 1769018530,
        "narHash": "sha256-S/5RU76BdQ32bbE99a+G9gMuatpVWEvIfeSjEqyoFS4=",
        "rev": "88d3861acdd3d2f0e361767018218e51810df8a1",
        "type": "tarball",
        "url": "https://releases.nixos.org/nixos/unstable/nixos-26.05pre931542.88d3861acdd3/nixexprs.tar.xz"
      },
      "original": {
        "type": "tarball",
        "url": "https://channels.nixos.org/nixos-unstable/nixexprs.tar.xz"
      }
    },
    "nixpkgs-old": {
      "flake": false,
      "locked": {
        "lastModified": 1582018169,
        "narHash": "sha256-qv1iK1IchpZKSeWL3NEs4U5Jl5QVyNHDdiMJvLOI4Yc=",
        "type": "tarball",
        "url": "https://releases.nixos.org/nixos/19.03/nixos-19.03.173691.34c7eb7545d/nixexprs.tar.xz"
      },
      "original": {
        "type": "tarball",
        "url": "https://channels.nixos.org/nixos-19.03/nixexprs.tar.xz"
      }
    },
    "nixpkgs-older": {
      "flake": false,
      "locked": {
        "lastModified": 1550657948,
        "narHash": "sha256-BE0XqzNfzvhhtTXv37LyySyq4moL7z1i1hMvwbFNL/I=",
        "type": "tarball",
        "url": "https://releases.nixos.org/nixos/18.03/nixos-18.03.133402.cb0e20d6db9/nixexprs.tar.xz"
      },
      "original": {
        "type": "tarball",
        "url": "https://channels.nixos.org/nixos-18.03/nixexprs.tar.xz"
      }
    },
    "nixpkgs_2": {
      "locked": {
        "lastModified": 1771369470,
        "narHash": "sha256-0NBlEBKkN3lufyvFegY4TYv5mCNHbi5OmBDrzihbBMQ=",
        "owner": "NixOS",
        "repo": "nixpkgs",
        "rev": "0182a361324364ae3f436a63005877674cf45efb",
        "type": "github"
      },
      "original": {
        "owner": "NixOS",
        "ref": "nixos-unstable",
        "repo": "nixpkgs",
        "type": "github"
      }
    },
    "root": {
      "inputs": {
        "flake-utils": "flake-utils",
        "lean4": "lean4",
        "nixpkgs": "nixpkgs_2"
      }
    },
    "systems": {
      "locked": {
        "lastModified": 1681028828,
        "narHash": "sha256-Vy1rq5AaRuLzOxct8nz4T6wlgyUR7zLU309k9mBC768=",
        "owner": "nix-systems",
        "repo": "default",
        "rev": "da67096a3b9bf56a91d16901293e51ba5b49a27e",
        "type": "github"
      },
      "original": {
        "owner": "nix-systems",
        "repo": "default",
        "type": "github"
      }
    }
  },
  "root": "root",
  "version": 7
}
